
Microsoft Visual Studio Solution File, Format Version 12.00
# Visual Studio 2012
Project("{8BC9CEB8-8B4A-11D0-8D11-00A0C91BC942}") = "RSDKV4PS3", "RSDKV4PS3\RSDKV4PS3.vcxproj", "{8AE0500B-26A3-4CF2-94BE-A96A94FA9C1C}"
EndProject
Global
	GlobalSection(SolutionConfigurationPlatforms) = preSolution
		RSDKv4|PS3 = RSDKv4|PS3
	EndGlobalSection
	GlobalSection(ProjectConfigurationPlatforms) = postSolution
		{8AE0500B-26A3-4CF2-94BE-A96A94FA9C1C}.RSDKv4|PS3.ActiveCfg = RSDKv4|PS3
		{8AE0500B-26A3-4CF2-94BE-A96A94FA9C1C}.RSDKv4|PS3.Build.0 = RSDKv4|PS3
	EndGlobalSection
	GlobalSection(SolutionProperties) = preSolution
		HideSolutionNode = FALSE
	EndGlobalSection
EndGlobal
