
Microsoft Visual Studio Solution File, Format Version 12.00
# Visual Studio 2012
Project("{8BC9CEB8-8B4A-11D0-8D11-00A0C91BC942}") = "RSDKv4.PS3", "RSDKv4\RSDKv4.PS3.vcxproj", "{BD4A4266-8ED9-491E-B4CC-3F63F0D39C1B}"
EndProject
Global
	GlobalSection(SolutionConfigurationPlatforms) = preSolution
		Debug|PS3 = Debug|PS3
		Release|PS3 = Release|PS3
	EndGlobalSection
	GlobalSection(ProjectConfigurationPlatforms) = postSolution
		{BD4A4266-8ED9-491E-B4CC-3F63F0D39C1B}.Debug|PS3.ActiveCfg = Debug|PS3
		{BD4A4266-8ED9-491E-B4CC-3F63F0D39C1B}.Debug|PS3.Build.0 = Debug|PS3
		{BD4A4266-8ED9-491E-B4CC-3F63F0D39C1B}.Release|PS3.ActiveCfg = Release|PS3
		{BD4A4266-8ED9-491E-B4CC-3F63F0D39C1B}.Release|PS3.Build.0 = Release|PS3
	EndGlobalSection
	GlobalSection(SolutionProperties) = preSolution
		HideSolutionNode = FALSE
	EndGlobalSection
EndGlobal
