<?xml version="1.0" encoding="utf-8"?>
<Project ToolsVersion="4.0" xmlns="http://schemas.microsoft.com/developer/msbuild/2003">
  <ItemGroup>
    <ClCompile Include="..\..\..\RSDKv4\Animation.cpp" />
    <ClCompile Include="..\..\..\RSDKv4\Audio.cpp" />
    <ClCompile Include="..\..\..\RSDKv4\AudioPS3.cpp" />
    <ClCompile Include="..\..\..\RSDKv4\Collision.cpp" />
    <ClCompile Include="..\..\..\RSDKv4\Debug.cpp" />
    <ClCompile Include="..\..\..\RSDKv4\Drawing.cpp" />
    <ClCompile Include="..\..\..\RSDKv4\fcaseopen.c" />
    <ClCompile Include="..\..\..\RSDKv4\Ini.cpp" />
    <ClCompile Include="..\..\..\RSDKv4\Input.cpp" />
    <ClCompile Include="..\..\..\RSDKv4\main.cpp" />
    <ClCompile Include="..\..\..\RSDKv4\Math.cpp" />
    <ClCompile Include="..\..\..\RSDKv4\ModAPI.cpp" />
    <ClCompile Include="..\..\..\RSDKv4\Networking.cpp" />
    <ClCompile Include="..\..\..\RSDKv4\Object.cpp" />
    <ClCompile Include="..\..\..\RSDKv4\Palette.cpp" />
    <ClCompile Include="..\..\..\RSDKv4\Reader.cpp" />
    <ClCompile Include="..\..\..\RSDKv4\Renderer.cpp" />
    <ClCompile Include="..\..\..\RSDKv4\RetroEngine.cpp" />
    <ClCompile Include="..\..\..\RSDKv4\Scene.cpp" />
    <ClCompile Include="..\..\..\RSDKv4\Scene3D.cpp" />
    <ClCompile Include="..\..\..\RSDKv4\Script.cpp" />
    <ClCompile Include="..\..\..\RSDKv4\Sprite.cpp" />
    <ClCompile Include="..\..\..\RSDKv4\String.cpp" />
    <ClCompile Include="..\..\..\RSDKv4\Text.cpp" />
    <ClCompile Include="..\..\..\RSDKv4\UPnP.cpp" />
    <ClCompile Include="..\..\..\RSDKv4\Userdata.cpp" />
    <ClCompile Include="..\..\..\RSDKv4\NativeObjects\All.cpp" />
    <ClCompile Include="..\..\..\RSDKv4\BackgroundLoader.cpp" />
  </ItemGroup>
  <ItemGroup>
    <ClInclude Include="..\..\..\RSDKv4\Animation.hpp" />
    <ClInclude Include="..\..\..\RSDKv4\Audio.hpp" />
    <ClInclude Include="..\..\..\RSDKv4\AudioPS3.hpp" />
    <ClInclude Include="..\..\..\RSDKv4\Collision.hpp" />
    <ClInclude Include="..\..\..\RSDKv4\Debug.hpp" />
    <ClInclude Include="..\..\..\RSDKv4\Drawing.hpp" />
    <ClInclude Include="..\..\..\RSDKv4\fcaseopen.h" />
    <ClInclude Include="..\..\..\RSDKv4\Ini.hpp" />
    <ClInclude Include="..\..\..\RSDKv4\Input.hpp" />
    <ClInclude Include="..\..\..\RSDKv4\Math.hpp" />
    <ClInclude Include="..\..\..\RSDKv4\ModAPI.hpp" />
    <ClInclude Include="..\..\..\RSDKv4\Networking.hpp" />
    <ClInclude Include="..\..\..\RSDKv4\Object.hpp" />
    <ClInclude Include="..\..\..\RSDKv4\Palette.hpp" />
    <ClInclude Include="..\..\..\RSDKv4\ps3_compat.h" />
    <ClInclude Include="..\..\..\RSDKv4\Reader.hpp" />
    <ClInclude Include="..\..\..\RSDKv4\Renderer.hpp" />
    <ClInclude Include="..\..\..\RSDKv4\resource.h" />
    <ClInclude Include="..\..\..\RSDKv4\RetroEngine.hpp" />
    <ClInclude Include="..\..\..\RSDKv4\Scene.hpp" />
    <ClInclude Include="..\..\..\RSDKv4\Scene3D.hpp" />
    <ClInclude Include="..\..\..\RSDKv4\Script.hpp" />
    <ClInclude Include="..\..\..\RSDKv4\Sprite.hpp" />
    <ClInclude Include="..\..\..\RSDKv4\String.hpp" />
    <ClInclude Include="..\..\..\RSDKv4\Text.hpp" />
    <ClInclude Include="..\..\..\RSDKv4\UPnP.hpp" />
    <ClInclude Include="..\..\..\RSDKv4\Userdata.hpp" />
    <ClInclude Include="..\..\..\RSDKv4\BackgroundLoader.hpp" />
    <ClInclude Include="..\..\..\RSDKv4\Shaders\xbrz_shader.h" />
    <ClInclude Include="..\..\..\RSDKv4\Shaders\crt_shaders.h" />
  </ItemGroup>
  <ItemGroup>
    <Image Include="..\..\..\RSDKv4\RSDKv4 Decomp Icon.ico" />
  </ItemGroup>
</Project>